<?xml version="1.0" encoding="utf-8"?>
<Project ToolsVersion="17.0" xmlns="http://schemas.microsoft.com/developer/msbuild/2003">
  <ItemGroup>
    <CustomBuild Include="F:\Code\GL\MyGL\build_win32\CMakeFiles\971c3f2d97977c32d6507d6a646cd73e\generate.stamp.rule">
      <Filter>CMake Rules</Filter>
    </CustomBuild>
  </ItemGroup>
  <ItemGroup>
    <Filter Include="CMake Rules">
      <UniqueIdentifier>{E7FF0108-67AA-3024-8865-07D4ED90BC95}</UniqueIdentifier>
    </Filter>
  </ItemGroup>
</Project>
