
Microsoft Visual Studio Solution File, Format Version 12.00
# Visual Studio Version 17
Project("{2150E333-8FDC-42A3-9474-1A3956D46DE8}") = "CMakePredefinedTargets", "CMakePredefinedTargets", "{79C423CB-11C4-3573-B015-58E2E1793345}"
EndProject
Project("{8BC9CEB8-8B4A-11D0-8D11-00A0C91BC942}") = "ALL_BUILD", "ALL_BUILD.vcxproj", "{FD35FE63-4995-3580-AAB6-37D402E40A2B}"
	ProjectSection(ProjectDependencies) = postProject
		{7046806A-0668-3DE3-8436-CC94B94CC8DB} = {7046806A-0668-3DE3-8436-CC94B94CC8DB}
		{9135A73D-5737-37A5-9C73-ACF7FB0BA618} = {9135A73D-5737-37A5-9C73-ACF7FB0BA618}
	EndProjectSection
EndProject
Project("{8BC9CEB8-8B4A-11D0-8D11-00A0C91BC942}") = "MyGL", "MyGL.vcxproj", "{7046806A-0668-3DE3-8436-CC94B94CC8DB}"
	ProjectSection(ProjectDependencies) = postProject
		{9135A73D-5737-37A5-9C73-ACF7FB0BA618} = {9135A73D-5737-37A5-9C73-ACF7FB0BA618}
	EndProjectSection
EndProject
Project("{8BC9CEB8-8B4A-11D0-8D11-00A0C91BC942}") = "ZERO_CHECK", "..\\ZERO_CHECK.vcxproj", "{9135A73D-5737-37A5-9C73-ACF7FB0BA618}"
	ProjectSection(ProjectDependencies) = postProject
	EndProjectSection
EndProject
Global
	GlobalSection(SolutionConfigurationPlatforms) = preSolution
		Debug|x64 = Debug|x64
		Release|x64 = Release|x64
		MinSizeRel|x64 = MinSizeRel|x64
		RelWithDebInfo|x64 = RelWithDebInfo|x64
	EndGlobalSection
	GlobalSection(ProjectConfigurationPlatforms) = postSolution
		{FD35FE63-4995-3580-AAB6-37D402E40A2B}.Debug|x64.ActiveCfg = Debug|x64
		{FD35FE63-4995-3580-AAB6-37D402E40A2B}.Release|x64.ActiveCfg = Release|x64
		{FD35FE63-4995-3580-AAB6-37D402E40A2B}.MinSizeRel|x64.ActiveCfg = MinSizeRel|x64
		{FD35FE63-4995-3580-AAB6-37D402E40A2B}.RelWithDebInfo|x64.ActiveCfg = RelWithDebInfo|x64
		{7046806A-0668-3DE3-8436-CC94B94CC8DB}.Debug|x64.ActiveCfg = Debug|x64
		{7046806A-0668-3DE3-8436-CC94B94CC8DB}.Debug|x64.Build.0 = Debug|x64
		{7046806A-0668-3DE3-8436-CC94B94CC8DB}.Release|x64.ActiveCfg = Release|x64
		{7046806A-0668-3DE3-8436-CC94B94CC8DB}.Release|x64.Build.0 = Release|x64
		{7046806A-0668-3DE3-8436-CC94B94CC8DB}.MinSizeRel|x64.ActiveCfg = MinSizeRel|x64
		{7046806A-0668-3DE3-8436-CC94B94CC8DB}.MinSizeRel|x64.Build.0 = MinSizeRel|x64
		{7046806A-0668-3DE3-8436-CC94B94CC8DB}.RelWithDebInfo|x64.ActiveCfg = RelWithDebInfo|x64
		{7046806A-0668-3DE3-8436-CC94B94CC8DB}.RelWithDebInfo|x64.Build.0 = RelWithDebInfo|x64
		{9135A73D-5737-37A5-9C73-ACF7FB0BA618}.Debug|x64.ActiveCfg = Debug|x64
		{9135A73D-5737-37A5-9C73-ACF7FB0BA618}.Debug|x64.Build.0 = Debug|x64
		{9135A73D-5737-37A5-9C73-ACF7FB0BA618}.Release|x64.ActiveCfg = Release|x64
		{9135A73D-5737-37A5-9C73-ACF7FB0BA618}.Release|x64.Build.0 = Release|x64
		{9135A73D-5737-37A5-9C73-ACF7FB0BA618}.MinSizeRel|x64.ActiveCfg = MinSizeRel|x64
		{9135A73D-5737-37A5-9C73-ACF7FB0BA618}.MinSizeRel|x64.Build.0 = MinSizeRel|x64
		{9135A73D-5737-37A5-9C73-ACF7FB0BA618}.RelWithDebInfo|x64.ActiveCfg = RelWithDebInfo|x64
		{9135A73D-5737-37A5-9C73-ACF7FB0BA618}.RelWithDebInfo|x64.Build.0 = RelWithDebInfo|x64
	EndGlobalSection
	GlobalSection(NestedProjects) = preSolution
		{FD35FE63-4995-3580-AAB6-37D402E40A2B} = {79C423CB-11C4-3573-B015-58E2E1793345}
		{9135A73D-5737-37A5-9C73-ACF7FB0BA618} = {79C423CB-11C4-3573-B015-58E2E1793345}
	EndGlobalSection
	GlobalSection(ExtensibilityGlobals) = postSolution
		SolutionGuid = {2A0F23E0-33FC-3012-B398-64B52706B297}
	EndGlobalSection
	GlobalSection(ExtensibilityAddIns) = postSolution
	EndGlobalSection
EndGlobal
